Microsoft Visual Studio Solution File, Format Version 8.00
Project("{8BC9CEB8-8B4A-11D0-8D11-00A0C91BC942}") = "StillCap", "StillCap.vcproj", "{47B4A325-6165-41CF-A823-1EC1A5CC731D}"
	ProjectSection(ProjectDependencies) = postProject
	EndProjectSection
EndProject
Global
	GlobalSection(SolutionConfiguration) = preSolution
		Debug = Debug
		Debug Unicode = Debug Unicode
		Release = Release
		Release Unicode = Release Unicode
	EndGlobalSection
	GlobalSection(ProjectConfiguration) = postSolution
		{47B4A325-6165-41CF-A823-1EC1A5CC731D}.Debug.ActiveCfg = Debug|Win32
		{47B4A325-6165-41CF-A823-1EC1A5CC731D}.Debug.Build.0 = Debug|Win32
		{47B4A325-6165-41CF-A823-1EC1A5CC731D}.Debug Unicode.ActiveCfg = Debug Unicode|Win32
		{47B4A325-6165-41CF-A823-1EC1A5CC731D}.Debug Unicode.Build.0 = Debug Unicode|Win32
		{47B4A325-6165-41CF-A823-1EC1A5CC731D}.Release.ActiveCfg = Release|Win32
		{47B4A325-6165-41CF-A823-1EC1A5CC731D}.Release.Build.0 = Release|Win32
		{47B4A325-6165-41CF-A823-1EC1A5CC731D}.Release Unicode.ActiveCfg = Release Unicode|Win32
		{47B4A325-6165-41CF-A823-1EC1A5CC731D}.Release Unicode.Build.0 = Release Unicode|Win32
	EndGlobalSection
	GlobalSection(ExtensibilityGlobals) = postSolution
	EndGlobalSection
	GlobalSection(ExtensibilityAddIns) = postSolution
	EndGlobalSection
EndGlobal
