Microsoft Visual Studio Solution File, Format Version 9.00
# Visual Studio 2005
Project("{8BC9CEB8-8B4A-11D0-8D11-00A0C91BC942}") = "DrawStuff", "DrawStuff.vcproj", "{A9B30A35-8709-49AF-9498-91717E22A8ED}"
EndProject
Project("{8BC9CEB8-8B4A-11D0-8D11-00A0C91BC942}") = "MakeAllTests", "MakeAllTests.vcproj", "{C0452AF0-145A-4259-900B-6AB06CC30032}"
	ProjectSection(ProjectDependencies) = postProject
		{54DC166E-C95F-467C-BD7A-6E3A1CA00222} = {54DC166E-C95F-467C-BD7A-6E3A1CA00222}
		{8FD8BF9B-5BB1-42B6-ADB8-898126130BE6} = {8FD8BF9B-5BB1-42B6-ADB8-898126130BE6}
		{2D12063E-564D-4AFC-AC57-C7F2524E19A8} = {2D12063E-564D-4AFC-AC57-C7F2524E19A8}
		{0775D68F-7EAD-4248-9ABF-F31A00DC6987} = {0775D68F-7EAD-4248-9ABF-F31A00DC6987}
		{4B80D1CE-0218-4A39-AC76-BEAFC2EE3D36} = {4B80D1CE-0218-4A39-AC76-BEAFC2EE3D36}
		{C36499DB-EF06-473E-9F2B-A9B272F4053D} = {C36499DB-EF06-473E-9F2B-A9B272F4053D}
		{65393B72-5096-4F9D-98D7-91D4755AF209} = {65393B72-5096-4F9D-98D7-91D4755AF209}
		{782331E6-7357-44D7-96E5-6533BFA35C61} = {782331E6-7357-44D7-96E5-6533BFA35C61}
		{4863629E-B2BB-4721-8D2A-54C4AE701ED9} = {4863629E-B2BB-4721-8D2A-54C4AE701ED9}
		{4907772B-FABD-4C2E-B1D6-98C589204F11} = {4907772B-FABD-4C2E-B1D6-98C589204F11}
		{2E3AF116-211E-44D2-B187-BB3C9FB330F0} = {2E3AF116-211E-44D2-B187-BB3C9FB330F0}
		{1653F9B8-97A8-478A-AD9E-9C5B791B61FF} = {1653F9B8-97A8-478A-AD9E-9C5B791B61FF}
		{18C83BB7-4119-4128-8817-B69FA79C0DCE} = {18C83BB7-4119-4128-8817-B69FA79C0DCE}
		{444B3B8A-B64B-4812-93E7-57333A211D9E} = {444B3B8A-B64B-4812-93E7-57333A211D9E}
		{CD3903ED-8AB8-4C70-A9D3-AD6CD138C9FB} = {CD3903ED-8AB8-4C70-A9D3-AD6CD138C9FB}
	EndProjectSection
EndProject
Project("{8BC9CEB8-8B4A-11D0-8D11-00A0C91BC942}") = "OPCODE", "..\..\OPCODE\Opcode.vcproj", "{ACDB6AEB-26CD-46AC-BA2C-0E025AA34E6B}"
EndProject
Project("{8BC9CEB8-8B4A-11D0-8D11-00A0C91BC942}") = "Test_BoxStack", "Test_BoxStack.vcproj", "{CD3903ED-8AB8-4C70-A9D3-AD6CD138C9FB}"
	ProjectSection(ProjectDependencies) = postProject
		{E2171BB9-8AA7-40B6-BDEE-47F7A7778A37} = {E2171BB9-8AA7-40B6-BDEE-47F7A7778A37}
		{A9B30A35-8709-49AF-9498-91717E22A8ED} = {A9B30A35-8709-49AF-9498-91717E22A8ED}
	EndProjectSection
EndProject
Project("{8BC9CEB8-8B4A-11D0-8D11-00A0C91BC942}") = "Test_Buggy", "Test_Buggy.vcproj", "{444B3B8A-B64B-4812-93E7-57333A211D9E}"
	ProjectSection(ProjectDependencies) = postProject
		{E2171BB9-8AA7-40B6-BDEE-47F7A7778A37} = {E2171BB9-8AA7-40B6-BDEE-47F7A7778A37}
		{A9B30A35-8709-49AF-9498-91717E22A8ED} = {A9B30A35-8709-49AF-9498-91717E22A8ED}
	EndProjectSection
EndProject
Project("{8BC9CEB8-8B4A-11D0-8D11-00A0C91BC942}") = "Test_Chain1", "Test_Chain1.vcproj", "{18C83BB7-4119-4128-8817-B69FA79C0DCE}"
	ProjectSection(ProjectDependencies) = postProject
		{E2171BB9-8AA7-40B6-BDEE-47F7A7778A37} = {E2171BB9-8AA7-40B6-BDEE-47F7A7778A37}
		{A9B30A35-8709-49AF-9498-91717E22A8ED} = {A9B30A35-8709-49AF-9498-91717E22A8ED}
	EndProjectSection
EndProject
Project("{8BC9CEB8-8B4A-11D0-8D11-00A0C91BC942}") = "Test_Chain2", "Test_Chain2.vcproj", "{1653F9B8-97A8-478A-AD9E-9C5B791B61FF}"
	ProjectSection(ProjectDependencies) = postProject
		{E2171BB9-8AA7-40B6-BDEE-47F7A7778A37} = {E2171BB9-8AA7-40B6-BDEE-47F7A7778A37}
		{A9B30A35-8709-49AF-9498-91717E22A8ED} = {A9B30A35-8709-49AF-9498-91717E22A8ED}
	EndProjectSection
EndProject
Project("{8BC9CEB8-8B4A-11D0-8D11-00A0C91BC942}") = "Test_Collision", "Test_Collision.vcproj", "{2E3AF116-211E-44D2-B187-BB3C9FB330F0}"
	ProjectSection(ProjectDependencies) = postProject
		{E2171BB9-8AA7-40B6-BDEE-47F7A7778A37} = {E2171BB9-8AA7-40B6-BDEE-47F7A7778A37}
		{A9B30A35-8709-49AF-9498-91717E22A8ED} = {A9B30A35-8709-49AF-9498-91717E22A8ED}
	EndProjectSection
EndProject
Project("{8BC9CEB8-8B4A-11D0-8D11-00A0C91BC942}") = "Test_Friction", "Test_Friction.vcproj", "{4907772B-FABD-4C2E-B1D6-98C589204F11}"
	ProjectSection(ProjectDependencies) = postProject
		{E2171BB9-8AA7-40B6-BDEE-47F7A7778A37} = {E2171BB9-8AA7-40B6-BDEE-47F7A7778A37}
		{A9B30A35-8709-49AF-9498-91717E22A8ED} = {A9B30A35-8709-49AF-9498-91717E22A8ED}
	EndProjectSection
EndProject
Project("{8BC9CEB8-8B4A-11D0-8D11-00A0C91BC942}") = "Test_Hinge", "Test_Hinge.vcproj", "{4863629E-B2BB-4721-8D2A-54C4AE701ED9}"
	ProjectSection(ProjectDependencies) = postProject
		{E2171BB9-8AA7-40B6-BDEE-47F7A7778A37} = {E2171BB9-8AA7-40B6-BDEE-47F7A7778A37}
		{A9B30A35-8709-49AF-9498-91717E22A8ED} = {A9B30A35-8709-49AF-9498-91717E22A8ED}
	EndProjectSection
EndProject
Project("{8BC9CEB8-8B4A-11D0-8D11-00A0C91BC942}") = "Test_I", "Test_I.vcproj", "{782331E6-7357-44D7-96E5-6533BFA35C61}"
	ProjectSection(ProjectDependencies) = postProject
		{E2171BB9-8AA7-40B6-BDEE-47F7A7778A37} = {E2171BB9-8AA7-40B6-BDEE-47F7A7778A37}
		{A9B30A35-8709-49AF-9498-91717E22A8ED} = {A9B30A35-8709-49AF-9498-91717E22A8ED}
	EndProjectSection
EndProject
Project("{8BC9CEB8-8B4A-11D0-8D11-00A0C91BC942}") = "Test_Joints", "Test_Joints.vcproj", "{65393B72-5096-4F9D-98D7-91D4755AF209}"
	ProjectSection(ProjectDependencies) = postProject
		{E2171BB9-8AA7-40B6-BDEE-47F7A7778A37} = {E2171BB9-8AA7-40B6-BDEE-47F7A7778A37}
		{A9B30A35-8709-49AF-9498-91717E22A8ED} = {A9B30A35-8709-49AF-9498-91717E22A8ED}
	EndProjectSection
EndProject
Project("{8BC9CEB8-8B4A-11D0-8D11-00A0C91BC942}") = "Test_MovingTrimesh", "Test_MovingTrimesh.vcproj", "{8FD8BF9B-5BB1-42B6-ADB8-898126130BE6}"
	ProjectSection(ProjectDependencies) = postProject
		{E2171BB9-8AA7-40B6-BDEE-47F7A7778A37} = {E2171BB9-8AA7-40B6-BDEE-47F7A7778A37}
		{A9B30A35-8709-49AF-9498-91717E22A8ED} = {A9B30A35-8709-49AF-9498-91717E22A8ED}
	EndProjectSection
EndProject
Project("{8BC9CEB8-8B4A-11D0-8D11-00A0C91BC942}") = "Test_Ode", "Test_Ode.vcproj", "{C36499DB-EF06-473E-9F2B-A9B272F4053D}"
	ProjectSection(ProjectDependencies) = postProject
		{E2171BB9-8AA7-40B6-BDEE-47F7A7778A37} = {E2171BB9-8AA7-40B6-BDEE-47F7A7778A37}
		{A9B30A35-8709-49AF-9498-91717E22A8ED} = {A9B30A35-8709-49AF-9498-91717E22A8ED}
	EndProjectSection
EndProject
Project("{8BC9CEB8-8B4A-11D0-8D11-00A0C91BC942}") = "Test_Slider", "Test_Slider.vcproj", "{4B80D1CE-0218-4A39-AC76-BEAFC2EE3D36}"
	ProjectSection(ProjectDependencies) = postProject
		{E2171BB9-8AA7-40B6-BDEE-47F7A7778A37} = {E2171BB9-8AA7-40B6-BDEE-47F7A7778A37}
		{A9B30A35-8709-49AF-9498-91717E22A8ED} = {A9B30A35-8709-49AF-9498-91717E22A8ED}
	EndProjectSection
EndProject
Project("{8BC9CEB8-8B4A-11D0-8D11-00A0C91BC942}") = "Test_Space", "Test_Space.vcproj", "{0775D68F-7EAD-4248-9ABF-F31A00DC6987}"
	ProjectSection(ProjectDependencies) = postProject
		{E2171BB9-8AA7-40B6-BDEE-47F7A7778A37} = {E2171BB9-8AA7-40B6-BDEE-47F7A7778A37}
		{A9B30A35-8709-49AF-9498-91717E22A8ED} = {A9B30A35-8709-49AF-9498-91717E22A8ED}
	EndProjectSection
EndProject
Project("{8BC9CEB8-8B4A-11D0-8D11-00A0C91BC942}") = "Test_Step", "Test_Step.vcproj", "{2D12063E-564D-4AFC-AC57-C7F2524E19A8}"
	ProjectSection(ProjectDependencies) = postProject
		{E2171BB9-8AA7-40B6-BDEE-47F7A7778A37} = {E2171BB9-8AA7-40B6-BDEE-47F7A7778A37}
		{A9B30A35-8709-49AF-9498-91717E22A8ED} = {A9B30A35-8709-49AF-9498-91717E22A8ED}
	EndProjectSection
EndProject
Project("{8BC9CEB8-8B4A-11D0-8D11-00A0C91BC942}") = "Test_Trimesh", "Test_Trimesh.vcproj", "{54DC166E-C95F-467C-BD7A-6E3A1CA00222}"
	ProjectSection(ProjectDependencies) = postProject
		{E2171BB9-8AA7-40B6-BDEE-47F7A7778A37} = {E2171BB9-8AA7-40B6-BDEE-47F7A7778A37}
		{A9B30A35-8709-49AF-9498-91717E22A8ED} = {A9B30A35-8709-49AF-9498-91717E22A8ED}
	EndProjectSection
EndProject
Project("{8BC9CEB8-8B4A-11D0-8D11-00A0C91BC942}") = "ode", "..\ode.vcproj", "{E2171BB9-8AA7-40B6-BDEE-47F7A7778A37}"
	ProjectSection(ProjectDependencies) = postProject
		{ACDB6AEB-26CD-46AC-BA2C-0E025AA34E6B} = {ACDB6AEB-26CD-46AC-BA2C-0E025AA34E6B}
	EndProjectSection
EndProject
Global
	GlobalSection(SolutionConfigurationPlatforms) = preSolution
		Debug|Win32 = Debug|Win32
		Release|Win32 = Release|Win32
	EndGlobalSection
	GlobalSection(ProjectConfigurationPlatforms) = postSolution
		{A9B30A35-8709-49AF-9498-91717E22A8ED}.Debug|Win32.ActiveCfg = Debug|Win32
		{A9B30A35-8709-49AF-9498-91717E22A8ED}.Debug|Win32.Build.0 = Debug|Win32
		{A9B30A35-8709-49AF-9498-91717E22A8ED}.Release|Win32.ActiveCfg = Release|Win32
		{A9B30A35-8709-49AF-9498-91717E22A8ED}.Release|Win32.Build.0 = Release|Win32
		{C0452AF0-145A-4259-900B-6AB06CC30032}.Debug|Win32.ActiveCfg = Debug|Win32
		{C0452AF0-145A-4259-900B-6AB06CC30032}.Debug|Win32.Build.0 = Debug|Win32
		{C0452AF0-145A-4259-900B-6AB06CC30032}.Release|Win32.ActiveCfg = Release|Win32
		{C0452AF0-145A-4259-900B-6AB06CC30032}.Release|Win32.Build.0 = Release|Win32
		{ACDB6AEB-26CD-46AC-BA2C-0E025AA34E6B}.Debug|Win32.ActiveCfg = Debug|Win32
		{ACDB6AEB-26CD-46AC-BA2C-0E025AA34E6B}.Debug|Win32.Build.0 = Debug|Win32
		{ACDB6AEB-26CD-46AC-BA2C-0E025AA34E6B}.Release|Win32.ActiveCfg = Release|Win32
		{ACDB6AEB-26CD-46AC-BA2C-0E025AA34E6B}.Release|Win32.Build.0 = Release|Win32
		{CD3903ED-8AB8-4C70-A9D3-AD6CD138C9FB}.Debug|Win32.ActiveCfg = Debug|Win32
		{CD3903ED-8AB8-4C70-A9D3-AD6CD138C9FB}.Debug|Win32.Build.0 = Debug|Win32
		{CD3903ED-8AB8-4C70-A9D3-AD6CD138C9FB}.Release|Win32.ActiveCfg = Release|Win32
		{CD3903ED-8AB8-4C70-A9D3-AD6CD138C9FB}.Release|Win32.Build.0 = Release|Win32
		{444B3B8A-B64B-4812-93E7-57333A211D9E}.Debug|Win32.ActiveCfg = Debug|Win32
		{444B3B8A-B64B-4812-93E7-57333A211D9E}.Debug|Win32.Build.0 = Debug|Win32
		{444B3B8A-B64B-4812-93E7-57333A211D9E}.Release|Win32.ActiveCfg = Release|Win32
		{444B3B8A-B64B-4812-93E7-57333A211D9E}.Release|Win32.Build.0 = Release|Win32
		{18C83BB7-4119-4128-8817-B69FA79C0DCE}.Debug|Win32.ActiveCfg = Debug|Win32
		{18C83BB7-4119-4128-8817-B69FA79C0DCE}.Debug|Win32.Build.0 = Debug|Win32
		{18C83BB7-4119-4128-8817-B69FA79C0DCE}.Release|Win32.ActiveCfg = Release|Win32
		{18C83BB7-4119-4128-8817-B69FA79C0DCE}.Release|Win32.Build.0 = Release|Win32
		{1653F9B8-97A8-478A-AD9E-9C5B791B61FF}.Debug|Win32.ActiveCfg = Debug|Win32
		{1653F9B8-97A8-478A-AD9E-9C5B791B61FF}.Debug|Win32.Build.0 = Debug|Win32
		{1653F9B8-97A8-478A-AD9E-9C5B791B61FF}.Release|Win32.ActiveCfg = Release|Win32
		{1653F9B8-97A8-478A-AD9E-9C5B791B61FF}.Release|Win32.Build.0 = Release|Win32
		{2E3AF116-211E-44D2-B187-BB3C9FB330F0}.Debug|Win32.ActiveCfg = Debug|Win32
		{2E3AF116-211E-44D2-B187-BB3C9FB330F0}.Debug|Win32.Build.0 = Debug|Win32
		{2E3AF116-211E-44D2-B187-BB3C9FB330F0}.Release|Win32.ActiveCfg = Release|Win32
		{2E3AF116-211E-44D2-B187-BB3C9FB330F0}.Release|Win32.Build.0 = Release|Win32
		{4907772B-FABD-4C2E-B1D6-98C589204F11}.Debug|Win32.ActiveCfg = Debug|Win32
		{4907772B-FABD-4C2E-B1D6-98C589204F11}.Debug|Win32.Build.0 = Debug|Win32
		{4907772B-FABD-4C2E-B1D6-98C589204F11}.Release|Win32.ActiveCfg = Release|Win32
		{4907772B-FABD-4C2E-B1D6-98C589204F11}.Release|Win32.Build.0 = Release|Win32
		{4863629E-B2BB-4721-8D2A-54C4AE701ED9}.Debug|Win32.ActiveCfg = Debug|Win32
		{4863629E-B2BB-4721-8D2A-54C4AE701ED9}.Debug|Win32.Build.0 = Debug|Win32
		{4863629E-B2BB-4721-8D2A-54C4AE701ED9}.Release|Win32.ActiveCfg = Release|Win32
		{4863629E-B2BB-4721-8D2A-54C4AE701ED9}.Release|Win32.Build.0 = Release|Win32
		{782331E6-7357-44D7-96E5-6533BFA35C61}.Debug|Win32.ActiveCfg = Debug|Win32
		{782331E6-7357-44D7-96E5-6533BFA35C61}.Debug|Win32.Build.0 = Debug|Win32
		{782331E6-7357-44D7-96E5-6533BFA35C61}.Release|Win32.ActiveCfg = Release|Win32
		{782331E6-7357-44D7-96E5-6533BFA35C61}.Release|Win32.Build.0 = Release|Win32
		{65393B72-5096-4F9D-98D7-91D4755AF209}.Debug|Win32.ActiveCfg = Debug|Win32
		{65393B72-5096-4F9D-98D7-91D4755AF209}.Debug|Win32.Build.0 = Debug|Win32
		{65393B72-5096-4F9D-98D7-91D4755AF209}.Release|Win32.ActiveCfg = Release|Win32
		{65393B72-5096-4F9D-98D7-91D4755AF209}.Release|Win32.Build.0 = Release|Win32
		{8FD8BF9B-5BB1-42B6-ADB8-898126130BE6}.Debug|Win32.ActiveCfg = Debug|Win32
		{8FD8BF9B-5BB1-42B6-ADB8-898126130BE6}.Debug|Win32.Build.0 = Debug|Win32
		{8FD8BF9B-5BB1-42B6-ADB8-898126130BE6}.Release|Win32.ActiveCfg = Release|Win32
		{8FD8BF9B-5BB1-42B6-ADB8-898126130BE6}.Release|Win32.Build.0 = Release|Win32
		{C36499DB-EF06-473E-9F2B-A9B272F4053D}.Debug|Win32.ActiveCfg = Debug|Win32
		{C36499DB-EF06-473E-9F2B-A9B272F4053D}.Debug|Win32.Build.0 = Debug|Win32
		{C36499DB-EF06-473E-9F2B-A9B272F4053D}.Release|Win32.ActiveCfg = Release|Win32
		{C36499DB-EF06-473E-9F2B-A9B272F4053D}.Release|Win32.Build.0 = Release|Win32
		{4B80D1CE-0218-4A39-AC76-BEAFC2EE3D36}.Debug|Win32.ActiveCfg = Debug|Win32
		{4B80D1CE-0218-4A39-AC76-BEAFC2EE3D36}.Debug|Win32.Build.0 = Debug|Win32
		{4B80D1CE-0218-4A39-AC76-BEAFC2EE3D36}.Release|Win32.ActiveCfg = Release|Win32
		{4B80D1CE-0218-4A39-AC76-BEAFC2EE3D36}.Release|Win32.Build.0 = Release|Win32
		{0775D68F-7EAD-4248-9ABF-F31A00DC6987}.Debug|Win32.ActiveCfg = Debug|Win32
		{0775D68F-7EAD-4248-9ABF-F31A00DC6987}.Debug|Win32.Build.0 = Debug|Win32
		{0775D68F-7EAD-4248-9ABF-F31A00DC6987}.Release|Win32.ActiveCfg = Release|Win32
		{0775D68F-7EAD-4248-9ABF-F31A00DC6987}.Release|Win32.Build.0 = Release|Win32
		{2D12063E-564D-4AFC-AC57-C7F2524E19A8}.Debug|Win32.ActiveCfg = Debug|Win32
		{2D12063E-564D-4AFC-AC57-C7F2524E19A8}.Debug|Win32.Build.0 = Debug|Win32
		{2D12063E-564D-4AFC-AC57-C7F2524E19A8}.Release|Win32.ActiveCfg = Release|Win32
		{2D12063E-564D-4AFC-AC57-C7F2524E19A8}.Release|Win32.Build.0 = Release|Win32
		{54DC166E-C95F-467C-BD7A-6E3A1CA00222}.Debug|Win32.ActiveCfg = Debug|Win32
		{54DC166E-C95F-467C-BD7A-6E3A1CA00222}.Debug|Win32.Build.0 = Debug|Win32
		{54DC166E-C95F-467C-BD7A-6E3A1CA00222}.Release|Win32.ActiveCfg = Release|Win32
		{54DC166E-C95F-467C-BD7A-6E3A1CA00222}.Release|Win32.Build.0 = Release|Win32
		{E2171BB9-8AA7-40B6-BDEE-47F7A7778A37}.Debug|Win32.ActiveCfg = Debug|Win32
		{E2171BB9-8AA7-40B6-BDEE-47F7A7778A37}.Debug|Win32.Build.0 = Debug|Win32
		{E2171BB9-8AA7-40B6-BDEE-47F7A7778A37}.Release|Win32.ActiveCfg = Release|Win32
		{E2171BB9-8AA7-40B6-BDEE-47F7A7778A37}.Release|Win32.Build.0 = Release|Win32
	EndGlobalSection
	GlobalSection(SolutionProperties) = preSolution
		HideSolutionNode = FALSE
	EndGlobalSection
EndGlobal
