Microsoft Visual Studio Solution File, Format Version 8.00
Project("{FAE04EC0-301F-11D3-BF4B-00C04F79EFBC}") = "Minaro", "Minaro.csproj", "{21049646-9E01-4E3A-A970-7BAB1027F0CD}"
	ProjectSection(ProjectDependencies) = postProject
	EndProjectSection
EndProject
Global
	GlobalSection(SolutionConfiguration) = preSolution
		Debug = Debug
		Release = Release
	EndGlobalSection
	GlobalSection(ProjectConfiguration) = postSolution
		{21049646-9E01-4E3A-A970-7BAB1027F0CD}.Debug.ActiveCfg = Debug|.NET
		{21049646-9E01-4E3A-A970-7BAB1027F0CD}.Debug.Build.0 = Debug|.NET
		{21049646-9E01-4E3A-A970-7BAB1027F0CD}.Release.ActiveCfg = Release|.NET
		{21049646-9E01-4E3A-A970-7BAB1027F0CD}.Release.Build.0 = Release|.NET
	EndGlobalSection
	GlobalSection(ExtensibilityGlobals) = postSolution
	EndGlobalSection
	GlobalSection(ExtensibilityAddIns) = postSolution
	EndGlobalSection
EndGlobal
