Microsoft Visual Studio Solution File, Format Version 9.00
# Visual Studio 2005
Project("{8BC9CEB8-8B4A-11D0-8D11-00A0C91BC942}") = "OPCODE", "..\OPCODE\Opcode.vcproj", "{2A61AE4B-1EF2-426A-8A7B-7A2325DE576C}"
EndProject
Project("{8BC9CEB8-8B4A-11D0-8D11-00A0C91BC942}") = "odeDLL", "odeDLL.vcproj", "{CD915116-513E-4CDD-802C-B164AC7BE862}"
	ProjectSection(ProjectDependencies) = postProject
		{2A61AE4B-1EF2-426A-8A7B-7A2325DE576C} = {2A61AE4B-1EF2-426A-8A7B-7A2325DE576C}
	EndProjectSection
EndProject
Global
	GlobalSection(SolutionConfigurationPlatforms) = preSolution
		Debug|Win32 = Debug|Win32
		Release|Win32 = Release|Win32
	EndGlobalSection
	GlobalSection(ProjectConfigurationPlatforms) = postSolution
		{2A61AE4B-1EF2-426A-8A7B-7A2325DE576C}.Debug|Win32.ActiveCfg = Debug|Win32
		{2A61AE4B-1EF2-426A-8A7B-7A2325DE576C}.Debug|Win32.Build.0 = Debug|Win32
		{2A61AE4B-1EF2-426A-8A7B-7A2325DE576C}.Release|Win32.ActiveCfg = Release|Win32
		{2A61AE4B-1EF2-426A-8A7B-7A2325DE576C}.Release|Win32.Build.0 = Release|Win32
		{CD915116-513E-4CDD-802C-B164AC7BE862}.Debug|Win32.ActiveCfg = Debug|Win32
		{CD915116-513E-4CDD-802C-B164AC7BE862}.Debug|Win32.Build.0 = Debug|Win32
		{CD915116-513E-4CDD-802C-B164AC7BE862}.Release|Win32.ActiveCfg = Release|Win32
		{CD915116-513E-4CDD-802C-B164AC7BE862}.Release|Win32.Build.0 = Release|Win32
	EndGlobalSection
	GlobalSection(SolutionProperties) = preSolution
		HideSolutionNode = FALSE
	EndGlobalSection
EndGlobal
